
Microsoft Visual Studio Solution File, Format Version 12.00
# Visual Studio Version 17
VisualStudioVersion = 17.0.31903.59
MinimumVisualStudioVersion = 10.0.40219.1
Project("{2150E333-8FDC-42A3-9474-1A3956D46DE8}") = "src", "src", "{E598DD69-F1C1-4E86-9500-1BE6A1556B7C}"
EndProject
Project("{2150E333-8FDC-42A3-9474-1A3956D46DE8}") = "tests", "tests", "{06B1DE51-B0F0-4473-B183-DD164B8C440B}"
EndProject
Project("{FAE04EC0-301F-11D3-BF4B-00C04F79EFBC}") = "Aiursoft.ArrayDb.Tests", "tests\Aiursoft.ArrayDb.Tests\Aiursoft.ArrayDb.Tests.csproj", "{E6B3955F-F1B8-410A-A33B-79E10F6C056F}"
EndProject
Project("{FAE04EC0-301F-11D3-BF4B-00C04F79EFBC}") = "Aiursoft.ArrayDb.ObjectBucket", "src\Aiursoft.ArrayDb.ObjectBucket\Aiursoft.ArrayDb.ObjectBucket.csproj", "{A7A0D753-6C06-4BEF-80F8-3EDAF01841DD}"
EndProject
Project("{FAE04EC0-301F-11D3-BF4B-00C04F79EFBC}") = "Aiursoft.ArrayDb.FilePersists", "src\Aiursoft.ArrayDb.FilePersists\Aiursoft.ArrayDb.FilePersists.csproj", "{22550501-7473-44A1-8D8C-E72B37400350}"
EndProject
Project("{FAE04EC0-301F-11D3-BF4B-00C04F79EFBC}") = "Aiursoft.ArrayDb.StringRepository", "src\Aiursoft.ArrayDb.StringRepository\Aiursoft.ArrayDb.StringRepository.csproj", "{5C343DE2-E0C1-4760-89CF-4F345EF73E70}"
EndProject
Project("{FAE04EC0-301F-11D3-BF4B-00C04F79EFBC}") = "Aiursoft.ArrayDb.WriteBuffer", "src\Aiursoft.ArrayDb.WriteBuffer\Aiursoft.ArrayDb.WriteBuffer.csproj", "{8510618D-33A6-4C79-A792-9A5D578C2699}"
EndProject
Project("{FAE04EC0-301F-11D3-BF4B-00C04F79EFBC}") = "Aiursoft.ArrayDb.Consts", "src\Aiursoft.ArrayDb.Consts\Aiursoft.ArrayDb.Consts.csproj", "{AEE71123-A7DB-4A10-8344-FAAC6BA79409}"
EndProject
Project("{FAE04EC0-301F-11D3-BF4B-00C04F79EFBC}") = "Aiursoft.ArrayDb.ReadLruCache", "src\Aiursoft.ArrayDb.ReadLruCache\Aiursoft.ArrayDb.ReadLruCache.csproj", "{42B34AA3-D52E-42AA-9C85-A0757922F4F7}"
EndProject
Project("{FAE04EC0-301F-11D3-BF4B-00C04F79EFBC}") = "Aiursoft.ArrayDb.Partitions", "src\Aiursoft.ArrayDb.Partitions\Aiursoft.ArrayDb.Partitions.csproj", "{7FC1E4B6-A66C-4BDD-B227-40062C850AF0}"
EndProject
Project("{FAE04EC0-301F-11D3-BF4B-00C04F79EFBC}") = "Aiursoft.ArrayDb.Benchmark", "src\Aiursoft.ArrayDb.Benchmark\Aiursoft.ArrayDb.Benchmark.csproj", "{D870537D-97FD-406F-BA91-FDF242C0F656}"
EndProject
Project("{FAE04EC0-301F-11D3-BF4B-00C04F79EFBC}") = "Aiursoft.ArrayDb.ObjectBucket.Abstractions", "src\Aiursoft.ArrayDb.ObjectBucket.Abstractions\Aiursoft.ArrayDb.ObjectBucket.Abstractions.csproj", "{348F02BD-0368-4FFE-9319-3464F97D619F}"
EndProject
Global
	GlobalSection(SolutionConfigurationPlatforms) = preSolution
		Debug|Any CPU = Debug|Any CPU
		Release|Any CPU = Release|Any CPU
	EndGlobalSection
	GlobalSection(SolutionProperties) = preSolution
		HideSolutionNode = FALSE
	EndGlobalSection
	GlobalSection(NestedProjects) = preSolution
		{E6B3955F-F1B8-410A-A33B-79E10F6C056F} = {06B1DE51-B0F0-4473-B183-DD164B8C440B}
		{A7A0D753-6C06-4BEF-80F8-3EDAF01841DD} = {E598DD69-F1C1-4E86-9500-1BE6A1556B7C}
		{22550501-7473-44A1-8D8C-E72B37400350} = {E598DD69-F1C1-4E86-9500-1BE6A1556B7C}
		{5C343DE2-E0C1-4760-89CF-4F345EF73E70} = {E598DD69-F1C1-4E86-9500-1BE6A1556B7C}
		{8510618D-33A6-4C79-A792-9A5D578C2699} = {E598DD69-F1C1-4E86-9500-1BE6A1556B7C}
		{AEE71123-A7DB-4A10-8344-FAAC6BA79409} = {E598DD69-F1C1-4E86-9500-1BE6A1556B7C}
		{42B34AA3-D52E-42AA-9C85-A0757922F4F7} = {E598DD69-F1C1-4E86-9500-1BE6A1556B7C}
		{7FC1E4B6-A66C-4BDD-B227-40062C850AF0} = {E598DD69-F1C1-4E86-9500-1BE6A1556B7C}
		{D870537D-97FD-406F-BA91-FDF242C0F656} = {E598DD69-F1C1-4E86-9500-1BE6A1556B7C}
		{348F02BD-0368-4FFE-9319-3464F97D619F} = {E598DD69-F1C1-4E86-9500-1BE6A1556B7C}
	EndGlobalSection
	GlobalSection(ProjectConfigurationPlatforms) = postSolution
		{E6B3955F-F1B8-410A-A33B-79E10F6C056F}.Debug|Any CPU.ActiveCfg = Debug|Any CPU
		{E6B3955F-F1B8-410A-A33B-79E10F6C056F}.Debug|Any CPU.Build.0 = Debug|Any CPU
		{E6B3955F-F1B8-410A-A33B-79E10F6C056F}.Release|Any CPU.ActiveCfg = Release|Any CPU
		{E6B3955F-F1B8-410A-A33B-79E10F6C056F}.Release|Any CPU.Build.0 = Release|Any CPU
		{A7A0D753-6C06-4BEF-80F8-3EDAF01841DD}.Debug|Any CPU.ActiveCfg = Debug|Any CPU
		{A7A0D753-6C06-4BEF-80F8-3EDAF01841DD}.Debug|Any CPU.Build.0 = Debug|Any CPU
		{A7A0D753-6C06-4BEF-80F8-3EDAF01841DD}.Release|Any CPU.ActiveCfg = Release|Any CPU
		{A7A0D753-6C06-4BEF-80F8-3EDAF01841DD}.Release|Any CPU.Build.0 = Release|Any CPU
		{22550501-7473-44A1-8D8C-E72B37400350}.Debug|Any CPU.ActiveCfg = Debug|Any CPU
		{22550501-7473-44A1-8D8C-E72B37400350}.Debug|Any CPU.Build.0 = Debug|Any CPU
		{22550501-7473-44A1-8D8C-E72B37400350}.Release|Any CPU.ActiveCfg = Release|Any CPU
		{22550501-7473-44A1-8D8C-E72B37400350}.Release|Any CPU.Build.0 = Release|Any CPU
		{5C343DE2-E0C1-4760-89CF-4F345EF73E70}.Debug|Any CPU.ActiveCfg = Debug|Any CPU
		{5C343DE2-E0C1-4760-89CF-4F345EF73E70}.Debug|Any CPU.Build.0 = Debug|Any CPU
		{5C343DE2-E0C1-4760-89CF-4F345EF73E70}.Release|Any CPU.ActiveCfg = Release|Any CPU
		{5C343DE2-E0C1-4760-89CF-4F345EF73E70}.Release|Any CPU.Build.0 = Release|Any CPU
		{8510618D-33A6-4C79-A792-9A5D578C2699}.Debug|Any CPU.ActiveCfg = Debug|Any CPU
		{8510618D-33A6-4C79-A792-9A5D578C2699}.Debug|Any CPU.Build.0 = Debug|Any CPU
		{8510618D-33A6-4C79-A792-9A5D578C2699}.Release|Any CPU.ActiveCfg = Release|Any CPU
		{8510618D-33A6-4C79-A792-9A5D578C2699}.Release|Any CPU.Build.0 = Release|Any CPU
		{AEE71123-A7DB-4A10-8344-FAAC6BA79409}.Debug|Any CPU.ActiveCfg = Debug|Any CPU
		{AEE71123-A7DB-4A10-8344-FAAC6BA79409}.Debug|Any CPU.Build.0 = Debug|Any CPU
		{AEE71123-A7DB-4A10-8344-FAAC6BA79409}.Release|Any CPU.ActiveCfg = Release|Any CPU
		{AEE71123-A7DB-4A10-8344-FAAC6BA79409}.Release|Any CPU.Build.0 = Release|Any CPU
		{42B34AA3-D52E-42AA-9C85-A0757922F4F7}.Debug|Any CPU.ActiveCfg = Debug|Any CPU
		{42B34AA3-D52E-42AA-9C85-A0757922F4F7}.Debug|Any CPU.Build.0 = Debug|Any CPU
		{42B34AA3-D52E-42AA-9C85-A0757922F4F7}.Release|Any CPU.ActiveCfg = Release|Any CPU
		{42B34AA3-D52E-42AA-9C85-A0757922F4F7}.Release|Any CPU.Build.0 = Release|Any CPU
		{7FC1E4B6-A66C-4BDD-B227-40062C850AF0}.Debug|Any CPU.ActiveCfg = Debug|Any CPU
		{7FC1E4B6-A66C-4BDD-B227-40062C850AF0}.Debug|Any CPU.Build.0 = Debug|Any CPU
		{7FC1E4B6-A66C-4BDD-B227-40062C850AF0}.Release|Any CPU.ActiveCfg = Release|Any CPU
		{7FC1E4B6-A66C-4BDD-B227-40062C850AF0}.Release|Any CPU.Build.0 = Release|Any CPU
		{D870537D-97FD-406F-BA91-FDF242C0F656}.Debug|Any CPU.ActiveCfg = Debug|Any CPU
		{D870537D-97FD-406F-BA91-FDF242C0F656}.Debug|Any CPU.Build.0 = Debug|Any CPU
		{D870537D-97FD-406F-BA91-FDF242C0F656}.Release|Any CPU.ActiveCfg = Release|Any CPU
		{D870537D-97FD-406F-BA91-FDF242C0F656}.Release|Any CPU.Build.0 = Release|Any CPU
		{348F02BD-0368-4FFE-9319-3464F97D619F}.Debug|Any CPU.ActiveCfg = Debug|Any CPU
		{348F02BD-0368-4FFE-9319-3464F97D619F}.Debug|Any CPU.Build.0 = Debug|Any CPU
		{348F02BD-0368-4FFE-9319-3464F97D619F}.Release|Any CPU.ActiveCfg = Release|Any CPU
		{348F02BD-0368-4FFE-9319-3464F97D619F}.Release|Any CPU.Build.0 = Release|Any CPU
	EndGlobalSection
EndGlobal
